<Solution>
  <Folder Name="/Services/" />
  <Folder Name="/Services/Basket/">
    <Project Path="Services/Basket/Basket.Api/Basket.Api.csproj" Id="9f3e2583-892a-4c36-8149-dddc74e5e441" />
    <Project Path="Services/Basket/Basket.Application/Basket.Application.csproj" Id="122dd4dd-f630-4ce3-b85b-31ad25d84703" />
    <Project Path="Services/Basket/Basket.Core/Basket.Core.csproj" Id="78d641e5-9911-4929-bc91-4a9ed96e6dc4" />
    <Project Path="Services/Basket/Basket.Infrastructure/Basket.Infrastructure.csproj" Id="bb2f7c60-a463-432e-a2c0-f2d9d034acd5" />
  </Folder>
  <Folder Name="/Services/Catalog/">
    <Project Path="Services/Catalog/Catalog.Infrastructure/Catalog.Infrastructure.csproj" Id="dd50c579-2d95-4f3d-9d24-5772165590fb" />
    <Project Path="Services/Catalog/CatalogApi/CatalogApi.csproj" Id="091e6dec-d6d5-471f-b4fb-dbe6062b749c" />
    <Project Path="Services/Catalog/CatalogApplication/CatalogApplication.csproj" Id="51e320ad-0eb0-4b7a-a5c8-05ddc54d9bab" />
    <Project Path="Services/Catalog/CatalogCore/CatalogCore.csproj" Id="4fb26624-9b97-4127-8f5b-27c73d5dbadf" />
  </Folder>
  <Folder Name="/Services/Discount/">
    <Project Path="Services/Discount/Discount.Api/Discount.Api.csproj" Id="88150610-ea46-4763-ae8e-8b76c0ec8aa3" />
    <Project Path="Services/Discount/Discount.Application/Discount.Application.csproj" Id="cf27973e-39b8-420f-9e96-353fef6f2669" />
    <Project Path="Services/Discount/Discount.Core/Discount.Core.csproj" Id="8abf752c-33da-4c61-abaa-b68c3c980e5f" />
    <Project Path="Services/Discount/Discount.Infrastructure/Discount.Infrastructure.csproj" Id="dc4023e6-56f7-49ff-a313-dc54a73d7068" />
  </Folder>
  <Project Path="docker-compose.dcproj">
    <Build />
  </Project>
</Solution>
